
Microsoft Visual Studio Solution File, Format Version 12.00
# Visual Studio Version 17
VisualStudioVersion = 17.2.32519.379
MinimumVisualStudioVersion = 10.0.40219.1
Project("{00D1A9C2-B5F0-4AF3-8072-F6C62B433612}") = "NRMData", "NRMData\NRMData.sqlproj", "{F130A3DE-B240-42C7-B8DE-8B8F700C6782}"
EndProject
Project("{9A19103F-16F7-4668-BE54-9A1E7A4F7556}") = "NRMDesktopUI", "NRMDesktopUI\NRMDesktopUI.csproj", "{795C4F71-E1E8-4118-8020-D45AC118A28D}"
EndProject
Project("{9A19103F-16F7-4668-BE54-9A1E7A4F7556}") = "NRMDataManager.library", "NRMDataManager.library\NRMDataManager.library.csproj", "{767B71B5-AC40-49D6-8EBC-B14FC1C8C859}"
EndProject
Project("{9A19103F-16F7-4668-BE54-9A1E7A4F7556}") = "NRMDesktopUI.library", "NRMDesktopUI.library\NRMDesktopUI.library.csproj", "{F9360242-19F4-487E-9207-A41E6466BBB3}"
EndProject
Project("{2150E333-8FDC-42A3-9474-1A3956D46DE8}") = "DataBase", "DataBase", "{AAEE4237-3330-4CDF-99F4-C9B9EEC04236}"
EndProject
Project("{2150E333-8FDC-42A3-9474-1A3956D46DE8}") = "API", "API", "{074BDB24-D6B3-46AA-B26D-92B33FCF5894}"
EndProject
Project("{2150E333-8FDC-42A3-9474-1A3956D46DE8}") = "WPF", "WPF", "{1645151F-B566-45B9-A4E1-BB64A27914CC}"
EndProject
Project("{9A19103F-16F7-4668-BE54-9A1E7A4F7556}") = "NRMApi", "NRMApi\NRMApi.csproj", "{9E573BB5-0D75-4939-89B0-7284C3653302}"
EndProject
Global
	GlobalSection(SolutionConfigurationPlatforms) = preSolution
		Debug|Any CPU = Debug|Any CPU
		Release|Any CPU = Release|Any CPU
	EndGlobalSection
	GlobalSection(ProjectConfigurationPlatforms) = postSolution
		{F130A3DE-B240-42C7-B8DE-8B8F700C6782}.Debug|Any CPU.ActiveCfg = Debug|Any CPU
		{F130A3DE-B240-42C7-B8DE-8B8F700C6782}.Debug|Any CPU.Build.0 = Debug|Any CPU
		{F130A3DE-B240-42C7-B8DE-8B8F700C6782}.Debug|Any CPU.Deploy.0 = Debug|Any CPU
		{F130A3DE-B240-42C7-B8DE-8B8F700C6782}.Release|Any CPU.ActiveCfg = Release|Any CPU
		{F130A3DE-B240-42C7-B8DE-8B8F700C6782}.Release|Any CPU.Build.0 = Release|Any CPU
		{F130A3DE-B240-42C7-B8DE-8B8F700C6782}.Release|Any CPU.Deploy.0 = Release|Any CPU
		{795C4F71-E1E8-4118-8020-D45AC118A28D}.Debug|Any CPU.ActiveCfg = Debug|Any CPU
		{795C4F71-E1E8-4118-8020-D45AC118A28D}.Debug|Any CPU.Build.0 = Debug|Any CPU
		{795C4F71-E1E8-4118-8020-D45AC118A28D}.Release|Any CPU.ActiveCfg = Release|Any CPU
		{795C4F71-E1E8-4118-8020-D45AC118A28D}.Release|Any CPU.Build.0 = Release|Any CPU
		{767B71B5-AC40-49D6-8EBC-B14FC1C8C859}.Debug|Any CPU.ActiveCfg = Debug|Any CPU
		{767B71B5-AC40-49D6-8EBC-B14FC1C8C859}.Debug|Any CPU.Build.0 = Debug|Any CPU
		{767B71B5-AC40-49D6-8EBC-B14FC1C8C859}.Release|Any CPU.ActiveCfg = Release|Any CPU
		{767B71B5-AC40-49D6-8EBC-B14FC1C8C859}.Release|Any CPU.Build.0 = Release|Any CPU
		{F9360242-19F4-487E-9207-A41E6466BBB3}.Debug|Any CPU.ActiveCfg = Debug|Any CPU
		{F9360242-19F4-487E-9207-A41E6466BBB3}.Debug|Any CPU.Build.0 = Debug|Any CPU
		{F9360242-19F4-487E-9207-A41E6466BBB3}.Release|Any CPU.ActiveCfg = Release|Any CPU
		{F9360242-19F4-487E-9207-A41E6466BBB3}.Release|Any CPU.Build.0 = Release|Any CPU
		{9E573BB5-0D75-4939-89B0-7284C3653302}.Debug|Any CPU.ActiveCfg = Debug|Any CPU
		{9E573BB5-0D75-4939-89B0-7284C3653302}.Debug|Any CPU.Build.0 = Debug|Any CPU
		{9E573BB5-0D75-4939-89B0-7284C3653302}.Release|Any CPU.ActiveCfg = Release|Any CPU
		{9E573BB5-0D75-4939-89B0-7284C3653302}.Release|Any CPU.Build.0 = Release|Any CPU
	EndGlobalSection
	GlobalSection(SolutionProperties) = preSolution
		HideSolutionNode = FALSE
	EndGlobalSection
	GlobalSection(NestedProjects) = preSolution
		{F130A3DE-B240-42C7-B8DE-8B8F700C6782} = {AAEE4237-3330-4CDF-99F4-C9B9EEC04236}
		{795C4F71-E1E8-4118-8020-D45AC118A28D} = {1645151F-B566-45B9-A4E1-BB64A27914CC}
		{767B71B5-AC40-49D6-8EBC-B14FC1C8C859} = {074BDB24-D6B3-46AA-B26D-92B33FCF5894}
		{F9360242-19F4-487E-9207-A41E6466BBB3} = {1645151F-B566-45B9-A4E1-BB64A27914CC}
		{9E573BB5-0D75-4939-89B0-7284C3653302} = {074BDB24-D6B3-46AA-B26D-92B33FCF5894}
	EndGlobalSection
	GlobalSection(ExtensibilityGlobals) = postSolution
		SolutionGuid = {9E3572E5-3585-4BFA-92DA-253B579F1B34}
	EndGlobalSection
EndGlobal
