
Microsoft Visual Studio Solution File, Format Version 12.00
# Visual Studio Version 17
VisualStudioVersion = 17.2.32519.379
MinimumVisualStudioVersion = 10.0.40219.1
Project("{FAE04EC0-301F-11D3-BF4B-00C04F79EFBC}") = "NRMDataManager", "NRMDataManager\NRMDataManager.csproj", "{B19E10AD-8062-4A55-86BD-68291B0ADD9B}"
EndProject
Project("{00D1A9C2-B5F0-4AF3-8072-F6C62B433612}") = "NRMData", "NRMData\NRMData.sqlproj", "{F130A3DE-B240-42C7-B8DE-8B8F700C6782}"
EndProject
Project("{FAE04EC0-301F-11D3-BF4B-00C04F79EFBC}") = "NRMDesktopUI", "NRMDesktopUI\NRMDesktopUI.csproj", "{795C4F71-E1E8-4118-8020-D45AC118A28D}"
EndProject
Project("{FAE04EC0-301F-11D3-BF4B-00C04F79EFBC}") = "NRMDataManager.library", "NRMDataManager.library\NRMDataManager.library.csproj", "{767B71B5-AC40-49D6-8EBC-B14FC1C8C859}"
EndProject
Global
	GlobalSection(SolutionConfigurationPlatforms) = preSolution
		Debug|Any CPU = Debug|Any CPU
		Release|Any CPU = Release|Any CPU
	EndGlobalSection
	GlobalSection(ProjectConfigurationPlatforms) = postSolution
		{B19E10AD-8062-4A55-86BD-68291B0ADD9B}.Debug|Any CPU.ActiveCfg = Debug|Any CPU
		{B19E10AD-8062-4A55-86BD-68291B0ADD9B}.Debug|Any CPU.Build.0 = Debug|Any CPU
		{B19E10AD-8062-4A55-86BD-68291B0ADD9B}.Release|Any CPU.ActiveCfg = Release|Any CPU
		{B19E10AD-8062-4A55-86BD-68291B0ADD9B}.Release|Any CPU.Build.0 = Release|Any CPU
		{F130A3DE-B240-42C7-B8DE-8B8F700C6782}.Debug|Any CPU.ActiveCfg = Debug|Any CPU
		{F130A3DE-B240-42C7-B8DE-8B8F700C6782}.Debug|Any CPU.Build.0 = Debug|Any CPU
		{F130A3DE-B240-42C7-B8DE-8B8F700C6782}.Debug|Any CPU.Deploy.0 = Debug|Any CPU
		{F130A3DE-B240-42C7-B8DE-8B8F700C6782}.Release|Any CPU.ActiveCfg = Release|Any CPU
		{F130A3DE-B240-42C7-B8DE-8B8F700C6782}.Release|Any CPU.Build.0 = Release|Any CPU
		{F130A3DE-B240-42C7-B8DE-8B8F700C6782}.Release|Any CPU.Deploy.0 = Release|Any CPU
		{795C4F71-E1E8-4118-8020-D45AC118A28D}.Debug|Any CPU.ActiveCfg = Debug|Any CPU
		{795C4F71-E1E8-4118-8020-D45AC118A28D}.Debug|Any CPU.Build.0 = Debug|Any CPU
		{795C4F71-E1E8-4118-8020-D45AC118A28D}.Release|Any CPU.ActiveCfg = Release|Any CPU
		{795C4F71-E1E8-4118-8020-D45AC118A28D}.Release|Any CPU.Build.0 = Release|Any CPU
		{767B71B5-AC40-49D6-8EBC-B14FC1C8C859}.Debug|Any CPU.ActiveCfg = Debug|Any CPU
		{767B71B5-AC40-49D6-8EBC-B14FC1C8C859}.Debug|Any CPU.Build.0 = Debug|Any CPU
		{767B71B5-AC40-49D6-8EBC-B14FC1C8C859}.Release|Any CPU.ActiveCfg = Release|Any CPU
		{767B71B5-AC40-49D6-8EBC-B14FC1C8C859}.Release|Any CPU.Build.0 = Release|Any CPU
	EndGlobalSection
	GlobalSection(SolutionProperties) = preSolution
		HideSolutionNode = FALSE
	EndGlobalSection
	GlobalSection(ExtensibilityGlobals) = postSolution
		SolutionGuid = {9E3572E5-3585-4BFA-92DA-253B579F1B34}
	EndGlobalSection
EndGlobal
